{
  "name": "Project-Iris",
  "lockfileVersion": 2,
  "requires": true,
  "packages": {
    "": {
      "dependencies": {
        "react-webcam": "^7.0.1"
      }
    },
    "node_modules/react-webcam": {
      "version": "7.0.1",
      "resolved": "https://registry.npmjs.org/react-webcam/-/react-webcam-7.0.1.tgz",
      "integrity": "sha512-8E/Eb/7ksKwn5QdLn67tOR7+TdP9BZdu6E5/DSt20v8yfW/s0VGBigE6VA7R4278mBuBUowovAB3DkCfVmSPvA==",
      "peerDependencies": {
        "react": ">=16.2.0",
        "react-dom": ">=16.2.0"
      }
    }
  },
  "dependencies": {
    "react-webcam": {
      "version": "7.0.1",
      "resolved": "https://registry.npmjs.org/react-webcam/-/react-webcam-7.0.1.tgz",
      "integrity": "sha512-8E/Eb/7ksKwn5QdLn67tOR7+TdP9BZdu6E5/DSt20v8yfW/s0VGBigE6VA7R4278mBuBUowovAB3DkCfVmSPvA=="
    }
  }
}
